version: 3
hub:
    repo: https://github.com/muonsoft/skills.git
    ref: main
    commit: 0417bb62bf8b5e18fdbc92ec7e1689b80b786673
preset: web-app
include:
    - theme: process
exclude:
    - id: api-conventions
    - id: backend-structure
    - id: web-static-frontend
target_path: .agents/skills
selected_paths:
    - agent-memory-usage
    - agentmem-onboarding
    - banner-design
    - brand
    - closeout
    - database-migrations
    - design
    - design-system
    - form-field-help
    - golang-errors
    - golang-logging
    - golang-tests
    - golang-validation
    - improve
    - mcp-tool-input-schema
    - modern-web-guidance
    - openspec-apply-change
    - openspec-archive-change
    - openspec-bulk-archive-change
    - openspec-continue-change
    - openspec-explore
    - openspec-ff-change
    - openspec-new-change
    - openspec-onboard
    - openspec-sync-specs
    - openspec-verify-change
    - runnable-background-processes
    - slides
    - task-delegation
    - ui-styling
    - ui-ux-pro-max
    - ux-form-practices
    - web-frontend
    - web-frontend-tests
skills:
    agent-memory-usage:
        upstream_hash: sha256:ad73f95434d1de4f2cd1abbf93865f61a6ff4eb9f0f2d02f6e3f7d92da1360f4
    agentmem-onboarding:
        upstream_hash: sha256:54d2e1681d8b076b308c7f3651cfda4d3eae1ba2e8e11b0c3fd21957b5864940
    banner-design:
        upstream_hash: sha256:1177010a0d04ccc290b7edd6af1f2d50e935fb0446dcac7b4755fbe1f6057fa4
    brand:
        upstream_hash: sha256:2306f9b0c0998b0fe8852f1a0e5c95cf862e118bedb7ded02d13d08116872ee0
    closeout:
        upstream_hash: sha256:6457b351aa4e6d3a922bd2d6cf66fa4cec35fa72124bb4963802316aa31ee180
    database-migrations:
        upstream_hash: sha256:118ce23f4e0e7ccea54c898798d1678dc05e2b9127ad3b44a863be9a59f8bd57
    design:
        upstream_hash: sha256:a297d99f681ecda7194135b109e81ebd4ed1edf5fd31439511f2c0743fa7e00a
    design-system:
        upstream_hash: sha256:0e932aef72b09d7bbff9868dbd81828cb34746e57181a48c986b9be9e7041742
    form-field-help:
        upstream_hash: sha256:d81e89fbdbf4c75b07cc55852eeababd45b977cc86ca6c64819ab6c085c15a91
    golang-errors:
        upstream_hash: sha256:edfadb39be2294f33b43200e73498828a8ca763f89370edb0e223e2fea60bb96
    golang-logging:
        upstream_hash: sha256:783a784cbb4b0e3463466a21f811f677e5e7bd9df6a022656f25fdc13e243605
    golang-tests:
        upstream_hash: sha256:1d9becc1ebbdfe00832119dfa5da30467e6c2597676b061350f1f257a384ea96
    golang-validation:
        upstream_hash: sha256:376162500fef4d60e8726cf6cc34c38e61b32c7cc8aacc2105a4ae1d738da17d
    improve:
        upstream_hash: sha256:1a40d27e3ae48041a701c198234c5e60a6586a0992693d737f161af982f1b0cd
    mcp-tool-input-schema:
        upstream_hash: sha256:313b1ce465ff6894ac82292d194155846c27b4fadab89e1b71899acdb65ad452
    modern-web-guidance:
        upstream_hash: sha256:6919dab483514c10226ebad4b446b3ce1cc38f6a9339b5fd35552a9b06b05553
    openspec-apply-change:
        upstream_hash: sha256:80c4b8cfef9c48cc5427b6b85b5c8836fdf7792b3efcd4c6f7efdc7c2d2f016c
    openspec-archive-change:
        upstream_hash: sha256:6a7ef696bbdf2b985d2da57246d4949f41a228bd04b2dcd132cc4a83bb0a2aba
    openspec-bulk-archive-change:
        upstream_hash: sha256:793dbfe20c70a679f39951b1bebe3bd6c63843b1dea3d5f2a5cbbf962b0098b7
    openspec-continue-change:
        upstream_hash: sha256:5f417e9d04d0265c3272185afb13e79d84d94970801b2f78c21c1c19dbaf184c
    openspec-explore:
        upstream_hash: sha256:d7b8734a4700a0d61e0caef0361b8586dbfa02c4af72b267831d80b129d5f3c5
    openspec-ff-change:
        upstream_hash: sha256:44aa741e0f6a756fbb0246a59f70cee10492a67956f92f36d5557b39454238c3
    openspec-new-change:
        upstream_hash: sha256:0c60ac7dfa988f780fac036393450a05b2e1276ea604b058640f8d7bbed84733
    openspec-onboard:
        upstream_hash: sha256:98877b080c6362b87f3e0562f283976f2db96b849d1172b45e0f1cebf4ba14b7
    openspec-sync-specs:
        upstream_hash: sha256:6ba50a33f3617e8545410ff685a67fa678c653cef86a077a02e83d67d7bfbaa9
    openspec-verify-change:
        upstream_hash: sha256:fb7e3a2f025b049bf197f4e89b0becaa8d2cefd21a4cbbc19072c67fbfccba13
    runnable-background-processes:
        upstream_hash: sha256:4dc5a488f4ce172607270d1130651ce75df2704fe9738757ddc5e214e7abf672
    slides:
        upstream_hash: sha256:c8476d4e9f23cb39a87a053ecfc4cb62aaa7697d366a438107686ba467ad2e65
    task-delegation:
        upstream_hash: sha256:c54da2806cfa9e85461f679eaad120b029b82ea501005923b3b695d70e2eedaf
    ui-styling:
        upstream_hash: sha256:d17d754f5f37144d1a78096bb389f09d0aefdd7b202823746f6a25433548d5dc
    ui-ux-pro-max:
        upstream_hash: sha256:d793d7740063f535595e2bc4b4b26fe7cd5ed6543982ce8a8be8a7ae5af3b724
    ux-form-practices:
        upstream_hash: sha256:98f9e73be244c07963c1b0c6d6e4b39ffe6b3366410a0cfaf593e5542935f209
    web-frontend:
        upstream_hash: sha256:e3926ec1d293d235473e0278a3db5c308f5c59bac31fbcfb6a8833de279a9e96
    web-frontend-tests:
        upstream_hash: sha256:ff456073316513e6836fecff6291ddfacf4a80207247c44cfc27028b4dbff0bb
