version: 4
hub:
    repo: https://github.com/muonsoft/skills.git
    ref: main
    commit: 9a8dd184f73f340c42a1b8ab057b0bcc35df7270
preset: web-app
include:
    - theme: process
exclude:
    - id: api-conventions
    - id: backend-structure
    - id: web-static-frontend
    - id: openspec-workflow
      artifacts:
        - desktop-change-schema
        - library-change-schema
        - mobile-change-schema
        - service-change-schema
        - spec-driven-schema
providers:
    - claude
    - cursor
selected_packages:
    - agent-memory-usage
    - agentmem-onboarding
    - banner-design
    - brand
    - closeout
    - codex-orchestration
    - cursor-orchestration
    - database-migrations
    - design
    - design-system
    - form-field-help
    - golang-errors
    - golang-logging
    - golang-tests
    - golang-validation
    - improve
    - mcp-tool-input-schema
    - modern-web-guidance
    - openspec-apply-change
    - openspec-archive-change
    - openspec-explore
    - openspec-propose
    - openspec-sync-specs
    - openspec-update-change
    - openspec-workflow
    - runnable-background-processes
    - skill-authoring
    - slides
    - ui-styling
    - ui-ux-pro-max
    - ux-form-practices
    - web-constrained-layout
    - web-frontend
    - web-frontend-tests
    - work-intake
packages:
    agent-memory-usage:
        hub_path: devtools/agent-memory-usage
        upstream_hash: sha256:78d0a36fb2d7bdf1341dcd977332a2af077d6a65122a6216ef498d2b6e78060c
        artifacts:
            - id: skill
              kind: skill
              mode: tree
              src: .
              dest: .agents/skills/agent-memory-usage
              installed_hash: sha256:78d0a36fb2d7bdf1341dcd977332a2af077d6a65122a6216ef498d2b6e78060c
    agentmem-onboarding:
        hub_path: devtools/agentmem-onboarding
        upstream_hash: sha256:ffe3203eac7725247536cd61ae569ba2a2daffabcf85fdfc947473dd90896798
        artifacts:
            - id: skill
              kind: skill
              mode: tree
              src: .
              dest: .agents/skills/agentmem-onboarding
              installed_hash: sha256:ffe3203eac7725247536cd61ae569ba2a2daffabcf85fdfc947473dd90896798
    banner-design:
        hub_path: frontend/design/banner-design
        upstream_hash: sha256:8eaffdff06bd5fca67554fed470ea2472299e9fc4afa6393b4ebcbd9d809e8e5
        artifacts:
            - id: skill
              kind: skill
              mode: tree
              src: .
              dest: .agents/skills/banner-design
              installed_hash: sha256:8eaffdff06bd5fca67554fed470ea2472299e9fc4afa6393b4ebcbd9d809e8e5
    brand:
        hub_path: frontend/design/brand
        upstream_hash: sha256:c8147a97089bb75c27c31155ab38fe764f176d72ac7abd714626a99c13ee301e
        artifacts:
            - id: skill
              kind: skill
              mode: tree
              src: .
              dest: .agents/skills/brand
              installed_hash: sha256:c8147a97089bb75c27c31155ab38fe764f176d72ac7abd714626a99c13ee301e
    closeout:
        hub_path: devtools/closeout
        upstream_hash: sha256:5a27c7df3ffe03131b5a986696d097a562dc54e2a16542dfe0139fcd18474a87
        artifacts:
            - id: skill
              kind: skill
              mode: tree
              src: .
              dest: .agents/skills/closeout
              installed_hash: sha256:5a27c7df3ffe03131b5a986696d097a562dc54e2a16542dfe0139fcd18474a87
    codex-orchestration:
        hub_path: process/codex-orchestration
        upstream_hash: sha256:019c23a9785514f74384e5153f26fd330c50fb20a73abfbcbf4a72b701e51734
        artifacts:
            - id: skill
              kind: skill
              mode: tree
              src: .
              dest: .agents/skills/codex-orchestration
              installed_hash: sha256:019c23a9785514f74384e5153f26fd330c50fb20a73abfbcbf4a72b701e51734
    cursor-orchestration:
        hub_path: process/cursor-orchestration
        upstream_hash: sha256:7ce3d1ed3e64a34fcfd3873883e8bbb2e77f15b9b721614bd100548060033d76
        artifacts:
            - id: cursor-orchestration-command
              kind: command
              mode: file
              src: commands/cursor-orchestration.md
              dest: .cursor/commands/cursor-orchestration.md
              providers:
                - cursor
              installed_hash: sha256:0ae53d06221c73d8f5337021f261ef7d6799d2aa5d1935e2b3bacc3339b026dc
            - id: cursor-orchestration-skill
              kind: skill
              mode: tree
              src: cursor-orchestration
              dest: .cursor/skills/cursor-orchestration
              providers:
                - cursor
              installed_hash: sha256:85641f5ae002fd66b64ce9e959845a234a267bf9f61927aeb24a12767a5bbae8
    database-migrations:
        hub_path: databases/database-migrations
        upstream_hash: sha256:f22b97a00e2ebd47d4c5242304a4dfa7cdbc6844b5e661e816f4bc4e9ee0fe27
        artifacts:
            - id: skill
              kind: skill
              mode: tree
              src: .
              dest: .agents/skills/database-migrations
              installed_hash: sha256:f22b97a00e2ebd47d4c5242304a4dfa7cdbc6844b5e661e816f4bc4e9ee0fe27
    design:
        hub_path: frontend/design/design
        upstream_hash: sha256:abf12bf2bcfb2cf73106808e106b9706b193bda419bb9ea884d4c6279d821a59
        artifacts:
            - id: skill
              kind: skill
              mode: tree
              src: .
              dest: .agents/skills/design
              installed_hash: sha256:abf12bf2bcfb2cf73106808e106b9706b193bda419bb9ea884d4c6279d821a59
    design-system:
        hub_path: frontend/design/design-system
        upstream_hash: sha256:6b6848e27394d51319aa26b6339a7e6aa3e9dd6c9c3c6d1dc6d7d7b1583715a8
        artifacts:
            - id: skill
              kind: skill
              mode: tree
              src: .
              dest: .agents/skills/design-system
              installed_hash: sha256:6b6848e27394d51319aa26b6339a7e6aa3e9dd6c9c3c6d1dc6d7d7b1583715a8
    form-field-help:
        hub_path: frontend/ux/form-field-help
        upstream_hash: sha256:9e8ef6f57164fc4451a8826a867bd7c5e1c16fccf05bf9e372a5b1cb8850dc79
        artifacts:
            - id: skill
              kind: skill
              mode: tree
              src: .
              dest: .agents/skills/form-field-help
              installed_hash: sha256:9e8ef6f57164fc4451a8826a867bd7c5e1c16fccf05bf9e372a5b1cb8850dc79
    golang-errors:
        hub_path: backend/go/golang-errors
        upstream_hash: sha256:e115898c085144a234c46cf6743fbbde3919a40f4b20832ba7ce313d721e51d2
        artifacts:
            - id: skill
              kind: skill
              mode: tree
              src: .
              dest: .agents/skills/golang-errors
              installed_hash: sha256:e115898c085144a234c46cf6743fbbde3919a40f4b20832ba7ce313d721e51d2
    golang-logging:
        hub_path: backend/go/golang-logging
        upstream_hash: sha256:6f5695589619917cb84ff376318227d1413e688239f0e04ef5f91f9f91a28d1d
        artifacts:
            - id: skill
              kind: skill
              mode: tree
              src: .
              dest: .agents/skills/golang-logging
              installed_hash: sha256:6f5695589619917cb84ff376318227d1413e688239f0e04ef5f91f9f91a28d1d
    golang-tests:
        hub_path: backend/go/golang-tests
        upstream_hash: sha256:2f21e771dd7a3e3e9eb3996138dbe8e15d5446c7aded132e1d893179fbc896dd
        artifacts:
            - id: skill
              kind: skill
              mode: tree
              src: .
              dest: .agents/skills/golang-tests
              installed_hash: sha256:2f21e771dd7a3e3e9eb3996138dbe8e15d5446c7aded132e1d893179fbc896dd
    golang-validation:
        hub_path: backend/go/golang-validation
        upstream_hash: sha256:e5fc59d69c113656728dd5d225e1677fdb9c564ed265356360024b71d59aa012
        artifacts:
            - id: skill
              kind: skill
              mode: tree
              src: .
              dest: .agents/skills/golang-validation
              installed_hash: sha256:e5fc59d69c113656728dd5d225e1677fdb9c564ed265356360024b71d59aa012
    improve:
        hub_path: frontend/design/improve
        upstream_hash: sha256:20fe2dad0e22ab6409aece8a1222408ecbd81ac80279110016573ef5bdddc9fc
        artifacts:
            - id: skill
              kind: skill
              mode: tree
              src: .
              dest: .agents/skills/improve
              installed_hash: sha256:20fe2dad0e22ab6409aece8a1222408ecbd81ac80279110016573ef5bdddc9fc
    mcp-tool-input-schema:
        hub_path: integration/mcp-tool-input-schema
        upstream_hash: sha256:557f6ec7f118bd436d12a443bde3be17aa0201209ff1140630e53c4824d43c3f
        artifacts:
            - id: skill
              kind: skill
              mode: tree
              src: .
              dest: .agents/skills/mcp-tool-input-schema
              installed_hash: sha256:557f6ec7f118bd436d12a443bde3be17aa0201209ff1140630e53c4824d43c3f
    modern-web-guidance:
        hub_path: frontend/web/modern-web-guidance
        upstream_hash: sha256:ad754389a1f7d6ca8e9e08119c1738305448327ad85447e3e6b81fbbc321136e
        artifacts:
            - id: skill
              kind: skill
              mode: tree
              src: .
              dest: .agents/skills/modern-web-guidance
              installed_hash: sha256:ad754389a1f7d6ca8e9e08119c1738305448327ad85447e3e6b81fbbc321136e
    openspec-apply-change:
        hub_path: process/openspec-apply-change
        upstream_hash: sha256:ced3fe15f17d7ea871932f031699bd34da209e8eaeabfb3a2a5192c8426fd3d2
        artifacts:
            - id: skill
              kind: skill
              mode: tree
              src: .
              dest: .agents/skills/openspec-apply-change
              installed_hash: sha256:ced3fe15f17d7ea871932f031699bd34da209e8eaeabfb3a2a5192c8426fd3d2
    openspec-archive-change:
        hub_path: process/openspec-archive-change
        upstream_hash: sha256:1262e80d26c2e79f55a8da1f4e7322324e77763c6da005354f0eb2d96ed2c573
        artifacts:
            - id: skill
              kind: skill
              mode: tree
              src: .
              dest: .agents/skills/openspec-archive-change
              installed_hash: sha256:1262e80d26c2e79f55a8da1f4e7322324e77763c6da005354f0eb2d96ed2c573
    openspec-explore:
        hub_path: process/openspec-explore
        upstream_hash: sha256:91c08d6757ba1351d99e5ee2c432e8a34ba275f83170e7a8e80689cddb52ce94
        artifacts:
            - id: skill
              kind: skill
              mode: tree
              src: .
              dest: .agents/skills/openspec-explore
              installed_hash: sha256:91c08d6757ba1351d99e5ee2c432e8a34ba275f83170e7a8e80689cddb52ce94
    openspec-propose:
        hub_path: process/openspec-propose
        upstream_hash: sha256:3f28abdbd332722dd1edb3b9caba7aba69f37af179950b00635713e84ebcec4d
        artifacts:
            - id: skill
              kind: skill
              mode: tree
              src: .
              dest: .agents/skills/openspec-propose
              installed_hash: sha256:3f28abdbd332722dd1edb3b9caba7aba69f37af179950b00635713e84ebcec4d
    openspec-sync-specs:
        hub_path: process/openspec-sync-specs
        upstream_hash: sha256:bba2fb69fe34e0148effa3720aa16020ee19ed327140aad7a3aa07d4a3af4822
        artifacts:
            - id: skill
              kind: skill
              mode: tree
              src: .
              dest: .agents/skills/openspec-sync-specs
              installed_hash: sha256:bba2fb69fe34e0148effa3720aa16020ee19ed327140aad7a3aa07d4a3af4822
    openspec-update-change:
        hub_path: process/openspec-update-change
        upstream_hash: sha256:070f8b09c3a88c4bf01c173f9c0d8ddd04a4f0d8e797b109f3068c0e32da7c29
        artifacts:
            - id: skill
              kind: skill
              mode: tree
              src: .
              dest: .agents/skills/openspec-update-change
              installed_hash: sha256:070f8b09c3a88c4bf01c173f9c0d8ddd04a4f0d8e797b109f3068c0e32da7c29
    openspec-workflow:
        hub_path: process/openspec-workflow
        upstream_hash: sha256:5c0f1daa05673560d6c0ba9def24fce571e2780c21abc5b407273355171b5096
        artifacts:
            - id: web-change-schema
              kind: schema
              mode: tree
              src: schemas/web-change
              dest: openspec/schemas/web-change
              installed_hash: sha256:396050a9be3b02ab3bec82b9aa33c235f583b7b714ab646b3c13d944cae2dfbe
            - id: browser-report-template
              kind: template
              mode: file
              src: templates/browser-report.md
              dest: openspec/templates/browser-report.md
              installed_hash: sha256:437b29f9aedc1ac5bd89be3c23b12f9177f110a4ec0e069f0bd1d80a0932fc4c
            - id: qa-report-template
              kind: template
              mode: file
              src: templates/qa-report.md
              dest: openspec/templates/qa-report.md
              installed_hash: sha256:def7698d846e1b5a17bdf2fd7f57e27758bc9f1b526f03b438d296bd3ee07f54
    runnable-background-processes:
        hub_path: backend/go/runnable-background-processes
        upstream_hash: sha256:53586052b6b8479a41fa372fbfc54ff155759895bc8871225b9786b95833fe2f
        artifacts:
            - id: skill
              kind: skill
              mode: tree
              src: .
              dest: .agents/skills/runnable-background-processes
              installed_hash: sha256:53586052b6b8479a41fa372fbfc54ff155759895bc8871225b9786b95833fe2f
    skill-authoring:
        hub_path: devtools/skill-authoring
        upstream_hash: sha256:c9c83732555c674095cf70d291810513c98c42436115955ae95a494c4fddc265
        artifacts:
            - id: skill
              kind: skill
              mode: tree
              src: .
              dest: .agents/skills/skill-authoring
              installed_hash: sha256:c9c83732555c674095cf70d291810513c98c42436115955ae95a494c4fddc265
    slides:
        hub_path: frontend/design/slides
        upstream_hash: sha256:cf265eda682febc515b73ec146b264c37e38efb27b8b9442c5246ebde84cb55b
        artifacts:
            - id: skill
              kind: skill
              mode: tree
              src: .
              dest: .agents/skills/slides
              installed_hash: sha256:cf265eda682febc515b73ec146b264c37e38efb27b8b9442c5246ebde84cb55b
    ui-styling:
        hub_path: frontend/design/ui-styling
        upstream_hash: sha256:0f5f1dfb5b62c2eb5e14046583e703f453a516f66f7d0f5620bb70f6e38e64b1
        artifacts:
            - id: skill
              kind: skill
              mode: tree
              src: .
              dest: .agents/skills/ui-styling
              installed_hash: sha256:0f5f1dfb5b62c2eb5e14046583e703f453a516f66f7d0f5620bb70f6e38e64b1
    ui-ux-pro-max:
        hub_path: frontend/design/ui-ux-pro-max
        upstream_hash: sha256:845bd0a1875a683db344ca2f3bc44c7859c79553e92bed06996ebd6ea5e40c67
        artifacts:
            - id: skill
              kind: skill
              mode: tree
              src: .
              dest: .agents/skills/ui-ux-pro-max
              installed_hash: sha256:845bd0a1875a683db344ca2f3bc44c7859c79553e92bed06996ebd6ea5e40c67
    ux-form-practices:
        hub_path: frontend/ux/ux-form-practices
        upstream_hash: sha256:d272129c6d0fcebb416696df9cbe5753573982ccf65c65e9c7ad89280fc31ce3
        artifacts:
            - id: skill
              kind: skill
              mode: tree
              src: .
              dest: .agents/skills/ux-form-practices
              installed_hash: sha256:d272129c6d0fcebb416696df9cbe5753573982ccf65c65e9c7ad89280fc31ce3
    web-constrained-layout:
        hub_path: frontend/web/web-constrained-layout
        upstream_hash: sha256:364e7c444e95b7682cca32e3ed2e91075c326ddfabfe3b04308eab442f408da4
        artifacts:
            - id: skill
              kind: skill
              mode: tree
              src: .
              dest: .agents/skills/web-constrained-layout
              installed_hash: sha256:364e7c444e95b7682cca32e3ed2e91075c326ddfabfe3b04308eab442f408da4
    web-frontend:
        hub_path: frontend/web/web-frontend
        upstream_hash: sha256:986f4bffed43bdbfb7104056895f65318e09821ab8adaae09edb0f13de2b93a3
        artifacts:
            - id: skill
              kind: skill
              mode: tree
              src: .
              dest: .agents/skills/web-frontend
              installed_hash: sha256:986f4bffed43bdbfb7104056895f65318e09821ab8adaae09edb0f13de2b93a3
    web-frontend-tests:
        hub_path: frontend/web/web-frontend-tests
        upstream_hash: sha256:6e66f62926ff49c4259df3ec2039a2ba7de8c8c758b2155e0c168a4d03f73d39
        artifacts:
            - id: skill
              kind: skill
              mode: tree
              src: .
              dest: .agents/skills/web-frontend-tests
              installed_hash: sha256:6e66f62926ff49c4259df3ec2039a2ba7de8c8c758b2155e0c168a4d03f73d39
    work-intake:
        hub_path: process/work-intake
        upstream_hash: sha256:f57f6930dac1445ea8815a4101b578f14cc17e4b75b789f2fe8527c6b90eeb39
        artifacts:
            - id: skill
              kind: skill
              mode: tree
              src: .
              dest: .agents/skills/work-intake
              installed_hash: sha256:f57f6930dac1445ea8815a4101b578f14cc17e4b75b789f2fe8527c6b90eeb39
